<?xml version="1.0" encoding="UTF-8"?>
<CodeBlocks_project_file>
	<FileVersion major="1" minor="6"/>
	<Project>
		<Option title="db_proxy_server"/>
		<Option makefile_is_custom="1"/>
		<Option compiler="gcc"/>
		<Option virtualFolders="CMake Files\;"/>
		<Build>
			<Target title="all">
				<Option working_dir="/media/psf/Home/Documents/TeamTalk-master/server/src/db_proxy_server"/>
				<Option type="4"/>
				<MakeCommands>
					<Build command="/bin/gmake -j2 -f &quot;/media/psf/Home/Documents/TeamTalk-master/server/src/db_proxy_server/Makefile&quot;  VERBOSE=1 all"/>
					<CompileFile command="/bin/gmake -j2 -f &quot;/media/psf/Home/Documents/TeamTalk-master/server/src/db_proxy_server/Makefile&quot;  VERBOSE=1 &quot;$file&quot;"/>
					<Clean command="/bin/gmake -j2 -f &quot;/media/psf/Home/Documents/TeamTalk-master/server/src/db_proxy_server/Makefile&quot;  VERBOSE=1 clean"/>
					<DistClean command="/bin/gmake -j2 -f &quot;/media/psf/Home/Documents/TeamTalk-master/server/src/db_proxy_server/Makefile&quot;  VERBOSE=1 clean"/>
				</MakeCommands>
			</Target>
			<Target title="rebuild_cache">
				<Option working_dir="/media/psf/Home/Documents/TeamTalk-master/server/src/db_proxy_server"/>
				<Option type="4"/>
				<MakeCommands>
					<Build command="/bin/gmake -j2 -f &quot;/media/psf/Home/Documents/TeamTalk-master/server/src/db_proxy_server/Makefile&quot;  VERBOSE=1 rebuild_cache"/>
					<CompileFile command="/bin/gmake -j2 -f &quot;/media/psf/Home/Documents/TeamTalk-master/server/src/db_proxy_server/Makefile&quot;  VERBOSE=1 &quot;$file&quot;"/>
					<Clean command="/bin/gmake -j2 -f &quot;/media/psf/Home/Documents/TeamTalk-master/server/src/db_proxy_server/Makefile&quot;  VERBOSE=1 clean"/>
					<DistClean command="/bin/gmake -j2 -f &quot;/media/psf/Home/Documents/TeamTalk-master/server/src/db_proxy_server/Makefile&quot;  VERBOSE=1 clean"/>
				</MakeCommands>
			</Target>
			<Target title="edit_cache">
				<Option working_dir="/media/psf/Home/Documents/TeamTalk-master/server/src/db_proxy_server"/>
				<Option type="4"/>
				<MakeCommands>
					<Build command="/bin/gmake -j2 -f &quot;/media/psf/Home/Documents/TeamTalk-master/server/src/db_proxy_server/Makefile&quot;  VERBOSE=1 edit_cache"/>
					<CompileFile command="/bin/gmake -j2 -f &quot;/media/psf/Home/Documents/TeamTalk-master/server/src/db_proxy_server/Makefile&quot;  VERBOSE=1 &quot;$file&quot;"/>
					<Clean command="/bin/gmake -j2 -f &quot;/media/psf/Home/Documents/TeamTalk-master/server/src/db_proxy_server/Makefile&quot;  VERBOSE=1 clean"/>
					<DistClean command="/bin/gmake -j2 -f &quot;/media/psf/Home/Documents/TeamTalk-master/server/src/db_proxy_server/Makefile&quot;  VERBOSE=1 clean"/>
				</MakeCommands>
			</Target>
			<Target title="db_proxy_server">
				<Option output="/media/psf/Home/Documents/TeamTalk-master/server/src/db_proxy_server/db_proxy_server" prefix_auto="0" extension_auto="0"/>
				<Option working_dir="./"/>
				<Option object_output="./"/>
				<Option type="1"/>
				<Option compiler="gcc"/>
				<Compiler>
					<Add option="-D_REENTRANT"/>
					<Add option="-D_FILE_OFFSET_BITS=64"/>
					<Add option="-DAC_HAS_INFO"/>
					<Add option="-DAC_HAS_WARNING"/>
					<Add option="-DAC_HAS_ERROR"/>
					<Add option="-DAC_HAS_CRITICAL"/>
					<Add option="-DTIXML_USE_STL"/>
					<Add option="-DAC_HAS_DEBUG"/>
					<Add option="-DLINUX_DAEMON"/>
					<Add option="-DENCRYPT"/>
					<Add directory="/media/psf/Home/Documents/TeamTalk-master/server/src/db_proxy_server/."/>
					<Add directory="/media/psf/Home/Documents/TeamTalk-master/server/src/db_proxy_server/./businiess"/>
					<Add directory="/media/psf/Home/Documents/TeamTalk-master/server/src/db_proxy_server/../base"/>
					<Add directory="/media/psf/Home/Documents/TeamTalk-master/server/src/db_proxy_server/../base/jsoncpp"/>
					<Add directory="/media/psf/Home/Documents/TeamTalk-master/server/src/db_proxy_server/../base/pb/protocol"/>
					<Add directory="/media/psf/Home/Documents/TeamTalk-master/server/src/db_proxy_server/../base/pb"/>
					<Add directory="/usr/include/mysql"/>
					<Add directory="/www/server/mysql/include"/>
					<Add directory="/usr/lib/gcc/x86_64-redhat-linux/4.8.5/../../../../include/c++/4.8.5"/>
					<Add directory="/usr/lib/gcc/x86_64-redhat-linux/4.8.5/../../../../include/c++/4.8.5/x86_64-redhat-linux"/>
					<Add directory="/usr/lib/gcc/x86_64-redhat-linux/4.8.5/../../../../include/c++/4.8.5/backward"/>
					<Add directory="/usr/lib/gcc/x86_64-redhat-linux/4.8.5/include"/>
					<Add directory="/usr/local/include"/>
					<Add directory="/usr/include"/>
				</Compiler>
				<MakeCommands>
					<Build command="/bin/gmake -j2 -f &quot;/media/psf/Home/Documents/TeamTalk-master/server/src/db_proxy_server/Makefile&quot;  VERBOSE=1 db_proxy_server"/>
					<CompileFile command="/bin/gmake -j2 -f &quot;/media/psf/Home/Documents/TeamTalk-master/server/src/db_proxy_server/Makefile&quot;  VERBOSE=1 &quot;$file&quot;"/>
					<Clean command="/bin/gmake -j2 -f &quot;/media/psf/Home/Documents/TeamTalk-master/server/src/db_proxy_server/Makefile&quot;  VERBOSE=1 clean"/>
					<DistClean command="/bin/gmake -j2 -f &quot;/media/psf/Home/Documents/TeamTalk-master/server/src/db_proxy_server/Makefile&quot;  VERBOSE=1 clean"/>
				</MakeCommands>
			</Target>
			<Target title="db_proxy_server/fast">
				<Option output="/media/psf/Home/Documents/TeamTalk-master/server/src/db_proxy_server/db_proxy_server" prefix_auto="0" extension_auto="0"/>
				<Option working_dir="./"/>
				<Option object_output="./"/>
				<Option type="1"/>
				<Option compiler="gcc"/>
				<Compiler>
					<Add option="-D_REENTRANT"/>
					<Add option="-D_FILE_OFFSET_BITS=64"/>
					<Add option="-DAC_HAS_INFO"/>
					<Add option="-DAC_HAS_WARNING"/>
					<Add option="-DAC_HAS_ERROR"/>
					<Add option="-DAC_HAS_CRITICAL"/>
					<Add option="-DTIXML_USE_STL"/>
					<Add option="-DAC_HAS_DEBUG"/>
					<Add option="-DLINUX_DAEMON"/>
					<Add option="-DENCRYPT"/>
					<Add directory="/media/psf/Home/Documents/TeamTalk-master/server/src/db_proxy_server/."/>
					<Add directory="/media/psf/Home/Documents/TeamTalk-master/server/src/db_proxy_server/./businiess"/>
					<Add directory="/media/psf/Home/Documents/TeamTalk-master/server/src/db_proxy_server/../base"/>
					<Add directory="/media/psf/Home/Documents/TeamTalk-master/server/src/db_proxy_server/../base/jsoncpp"/>
					<Add directory="/media/psf/Home/Documents/TeamTalk-master/server/src/db_proxy_server/../base/pb/protocol"/>
					<Add directory="/media/psf/Home/Documents/TeamTalk-master/server/src/db_proxy_server/../base/pb"/>
					<Add directory="/usr/include/mysql"/>
					<Add directory="/www/server/mysql/include"/>
					<Add directory="/usr/lib/gcc/x86_64-redhat-linux/4.8.5/../../../../include/c++/4.8.5"/>
					<Add directory="/usr/lib/gcc/x86_64-redhat-linux/4.8.5/../../../../include/c++/4.8.5/x86_64-redhat-linux"/>
					<Add directory="/usr/lib/gcc/x86_64-redhat-linux/4.8.5/../../../../include/c++/4.8.5/backward"/>
					<Add directory="/usr/lib/gcc/x86_64-redhat-linux/4.8.5/include"/>
					<Add directory="/usr/local/include"/>
					<Add directory="/usr/include"/>
				</Compiler>
				<MakeCommands>
					<Build command="/bin/gmake -j2 -f &quot;/media/psf/Home/Documents/TeamTalk-master/server/src/db_proxy_server/Makefile&quot;  VERBOSE=1 db_proxy_server/fast"/>
					<CompileFile command="/bin/gmake -j2 -f &quot;/media/psf/Home/Documents/TeamTalk-master/server/src/db_proxy_server/Makefile&quot;  VERBOSE=1 &quot;$file&quot;"/>
					<Clean command="/bin/gmake -j2 -f &quot;/media/psf/Home/Documents/TeamTalk-master/server/src/db_proxy_server/Makefile&quot;  VERBOSE=1 clean"/>
					<DistClean command="/bin/gmake -j2 -f &quot;/media/psf/Home/Documents/TeamTalk-master/server/src/db_proxy_server/Makefile&quot;  VERBOSE=1 clean"/>
				</MakeCommands>
			</Target>
		</Build>
		<Unit filename="/media/psf/Home/Documents/TeamTalk-master/server/src/db_proxy_server/AutoPool.cpp">
			<Option target="db_proxy_server"/>
		</Unit>
		<Unit filename="/media/psf/Home/Documents/TeamTalk-master/server/src/db_proxy_server/AutoPool.h">
			<Option target="db_proxy_server"/>
		</Unit>
		<Unit filename="/media/psf/Home/Documents/TeamTalk-master/server/src/db_proxy_server/CachePool.cpp">
			<Option target="db_proxy_server"/>
		</Unit>
		<Unit filename="/media/psf/Home/Documents/TeamTalk-master/server/src/db_proxy_server/CachePool.h">
			<Option target="db_proxy_server"/>
		</Unit>
		<Unit filename="/media/psf/Home/Documents/TeamTalk-master/server/src/db_proxy_server/DBPool.cpp">
			<Option target="db_proxy_server"/>
		</Unit>
		<Unit filename="/media/psf/Home/Documents/TeamTalk-master/server/src/db_proxy_server/DBPool.h">
			<Option target="db_proxy_server"/>
		</Unit>
		<Unit filename="/media/psf/Home/Documents/TeamTalk-master/server/src/db_proxy_server/HandlerMap.cpp">
			<Option target="db_proxy_server"/>
		</Unit>
		<Unit filename="/media/psf/Home/Documents/TeamTalk-master/server/src/db_proxy_server/HandlerMap.h">
			<Option target="db_proxy_server"/>
		</Unit>
		<Unit filename="/media/psf/Home/Documents/TeamTalk-master/server/src/db_proxy_server/ProxyConn.cpp">
			<Option target="db_proxy_server"/>
		</Unit>
		<Unit filename="/media/psf/Home/Documents/TeamTalk-master/server/src/db_proxy_server/ProxyConn.h">
			<Option target="db_proxy_server"/>
		</Unit>
		<Unit filename="/media/psf/Home/Documents/TeamTalk-master/server/src/db_proxy_server/ProxyTask.cpp">
			<Option target="db_proxy_server"/>
		</Unit>
		<Unit filename="/media/psf/Home/Documents/TeamTalk-master/server/src/db_proxy_server/ProxyTask.h">
			<Option target="db_proxy_server"/>
		</Unit>
		<Unit filename="/media/psf/Home/Documents/TeamTalk-master/server/src/db_proxy_server/SyncCenter.cpp">
			<Option target="db_proxy_server"/>
		</Unit>
		<Unit filename="/media/psf/Home/Documents/TeamTalk-master/server/src/db_proxy_server/SyncCenter.h">
			<Option target="db_proxy_server"/>
		</Unit>
		<Unit filename="/media/psf/Home/Documents/TeamTalk-master/server/src/db_proxy_server/business/AudioModel.cpp">
			<Option target="db_proxy_server"/>
		</Unit>
		<Unit filename="/media/psf/Home/Documents/TeamTalk-master/server/src/db_proxy_server/business/AudioModel.h">
			<Option target="db_proxy_server"/>
		</Unit>
		<Unit filename="/media/psf/Home/Documents/TeamTalk-master/server/src/db_proxy_server/business/DepartAction.cpp">
			<Option target="db_proxy_server"/>
		</Unit>
		<Unit filename="/media/psf/Home/Documents/TeamTalk-master/server/src/db_proxy_server/business/DepartAction.h">
			<Option target="db_proxy_server"/>
		</Unit>
		<Unit filename="/media/psf/Home/Documents/TeamTalk-master/server/src/db_proxy_server/business/DepartModel.cpp">
			<Option target="db_proxy_server"/>
		</Unit>
		<Unit filename="/media/psf/Home/Documents/TeamTalk-master/server/src/db_proxy_server/business/DepartModel.h">
			<Option target="db_proxy_server"/>
		</Unit>
		<Unit filename="/media/psf/Home/Documents/TeamTalk-master/server/src/db_proxy_server/business/ExterLogin.cpp">
			<Option target="db_proxy_server"/>
		</Unit>
		<Unit filename="/media/psf/Home/Documents/TeamTalk-master/server/src/db_proxy_server/business/ExterLogin.h">
			<Option target="db_proxy_server"/>
		</Unit>
		<Unit filename="/media/psf/Home/Documents/TeamTalk-master/server/src/db_proxy_server/business/FileAction.cpp">
			<Option target="db_proxy_server"/>
		</Unit>
		<Unit filename="/media/psf/Home/Documents/TeamTalk-master/server/src/db_proxy_server/business/FileAction.h">
			<Option target="db_proxy_server"/>
		</Unit>
		<Unit filename="/media/psf/Home/Documents/TeamTalk-master/server/src/db_proxy_server/business/FileModel.cpp">
			<Option target="db_proxy_server"/>
		</Unit>
		<Unit filename="/media/psf/Home/Documents/TeamTalk-master/server/src/db_proxy_server/business/FileModel.h">
			<Option target="db_proxy_server"/>
		</Unit>
		<Unit filename="/media/psf/Home/Documents/TeamTalk-master/server/src/db_proxy_server/business/GroupAction.cpp">
			<Option target="db_proxy_server"/>
		</Unit>
		<Unit filename="/media/psf/Home/Documents/TeamTalk-master/server/src/db_proxy_server/business/GroupAction.h">
			<Option target="db_proxy_server"/>
		</Unit>
		<Unit filename="/media/psf/Home/Documents/TeamTalk-master/server/src/db_proxy_server/business/GroupMessageModel.cpp">
			<Option target="db_proxy_server"/>
		</Unit>
		<Unit filename="/media/psf/Home/Documents/TeamTalk-master/server/src/db_proxy_server/business/GroupMessageModel.h">
			<Option target="db_proxy_server"/>
		</Unit>
		<Unit filename="/media/psf/Home/Documents/TeamTalk-master/server/src/db_proxy_server/business/GroupModel.cpp">
			<Option target="db_proxy_server"/>
		</Unit>
		<Unit filename="/media/psf/Home/Documents/TeamTalk-master/server/src/db_proxy_server/business/GroupModel.h">
			<Option target="db_proxy_server"/>
		</Unit>
		<Unit filename="/media/psf/Home/Documents/TeamTalk-master/server/src/db_proxy_server/business/InterLogin.cpp">
			<Option target="db_proxy_server"/>
		</Unit>
		<Unit filename="/media/psf/Home/Documents/TeamTalk-master/server/src/db_proxy_server/business/InterLogin.h">
			<Option target="db_proxy_server"/>
		</Unit>
		<Unit filename="/media/psf/Home/Documents/TeamTalk-master/server/src/db_proxy_server/business/Login.cpp">
			<Option target="db_proxy_server"/>
		</Unit>
		<Unit filename="/media/psf/Home/Documents/TeamTalk-master/server/src/db_proxy_server/business/Login.h">
			<Option target="db_proxy_server"/>
		</Unit>
		<Unit filename="/media/psf/Home/Documents/TeamTalk-master/server/src/db_proxy_server/business/MessageContent.cpp">
			<Option target="db_proxy_server"/>
		</Unit>
		<Unit filename="/media/psf/Home/Documents/TeamTalk-master/server/src/db_proxy_server/business/MessageContent.h">
			<Option target="db_proxy_server"/>
		</Unit>
		<Unit filename="/media/psf/Home/Documents/TeamTalk-master/server/src/db_proxy_server/business/MessageCounter.cpp">
			<Option target="db_proxy_server"/>
		</Unit>
		<Unit filename="/media/psf/Home/Documents/TeamTalk-master/server/src/db_proxy_server/business/MessageCounter.h">
			<Option target="db_proxy_server"/>
		</Unit>
		<Unit filename="/media/psf/Home/Documents/TeamTalk-master/server/src/db_proxy_server/business/MessageModel.cpp">
			<Option target="db_proxy_server"/>
		</Unit>
		<Unit filename="/media/psf/Home/Documents/TeamTalk-master/server/src/db_proxy_server/business/MessageModel.h">
			<Option target="db_proxy_server"/>
		</Unit>
		<Unit filename="/media/psf/Home/Documents/TeamTalk-master/server/src/db_proxy_server/business/RecentSession.cpp">
			<Option target="db_proxy_server"/>
		</Unit>
		<Unit filename="/media/psf/Home/Documents/TeamTalk-master/server/src/db_proxy_server/business/RecentSession.h">
			<Option target="db_proxy_server"/>
		</Unit>
		<Unit filename="/media/psf/Home/Documents/TeamTalk-master/server/src/db_proxy_server/business/RelationModel.cpp">
			<Option target="db_proxy_server"/>
		</Unit>
		<Unit filename="/media/psf/Home/Documents/TeamTalk-master/server/src/db_proxy_server/business/RelationModel.h">
			<Option target="db_proxy_server"/>
		</Unit>
		<Unit filename="/media/psf/Home/Documents/TeamTalk-master/server/src/db_proxy_server/business/SessionModel.cpp">
			<Option target="db_proxy_server"/>
		</Unit>
		<Unit filename="/media/psf/Home/Documents/TeamTalk-master/server/src/db_proxy_server/business/SessionModel.h">
			<Option target="db_proxy_server"/>
		</Unit>
		<Unit filename="/media/psf/Home/Documents/TeamTalk-master/server/src/db_proxy_server/business/UserAction.cpp">
			<Option target="db_proxy_server"/>
		</Unit>
		<Unit filename="/media/psf/Home/Documents/TeamTalk-master/server/src/db_proxy_server/business/UserAction.h">
			<Option target="db_proxy_server"/>
		</Unit>
		<Unit filename="/media/psf/Home/Documents/TeamTalk-master/server/src/db_proxy_server/business/UserModel.cpp">
			<Option target="db_proxy_server"/>
		</Unit>
		<Unit filename="/media/psf/Home/Documents/TeamTalk-master/server/src/db_proxy_server/business/UserModel.h">
			<Option target="db_proxy_server"/>
		</Unit>
		<Unit filename="/media/psf/Home/Documents/TeamTalk-master/server/src/db_proxy_server/db_proxy_server.cpp">
			<Option target="db_proxy_server"/>
		</Unit>
		<Unit filename="/media/psf/Home/Documents/TeamTalk-master/server/src/db_proxy_server/CMakeLists.txt">
			<Option virtualFolder="CMake Files\"/>
		</Unit>
	</Project>
</CodeBlocks_project_file>
