<?xml version="1.0" encoding="UTF-8"?>
<CodeBlocks_project_file>
	<FileVersion major="1" minor="6"/>
	<Project>
		<Option title="http_msg_server"/>
		<Option makefile_is_custom="1"/>
		<Option compiler="gcc"/>
		<Option virtualFolders="CMake Files\;"/>
		<Build>
			<Target title="all">
				<Option working_dir="/media/psf/Home/Documents/TeamTalk-master/server/src/http_msg_server"/>
				<Option type="4"/>
				<MakeCommands>
					<Build command="/bin/gmake -j2 -f &quot;/media/psf/Home/Documents/TeamTalk-master/server/src/http_msg_server/Makefile&quot;  VERBOSE=1 all"/>
					<CompileFile command="/bin/gmake -j2 -f &quot;/media/psf/Home/Documents/TeamTalk-master/server/src/http_msg_server/Makefile&quot;  VERBOSE=1 &quot;$file&quot;"/>
					<Clean command="/bin/gmake -j2 -f &quot;/media/psf/Home/Documents/TeamTalk-master/server/src/http_msg_server/Makefile&quot;  VERBOSE=1 clean"/>
					<DistClean command="/bin/gmake -j2 -f &quot;/media/psf/Home/Documents/TeamTalk-master/server/src/http_msg_server/Makefile&quot;  VERBOSE=1 clean"/>
				</MakeCommands>
			</Target>
			<Target title="rebuild_cache">
				<Option working_dir="/media/psf/Home/Documents/TeamTalk-master/server/src/http_msg_server"/>
				<Option type="4"/>
				<MakeCommands>
					<Build command="/bin/gmake -j2 -f &quot;/media/psf/Home/Documents/TeamTalk-master/server/src/http_msg_server/Makefile&quot;  VERBOSE=1 rebuild_cache"/>
					<CompileFile command="/bin/gmake -j2 -f &quot;/media/psf/Home/Documents/TeamTalk-master/server/src/http_msg_server/Makefile&quot;  VERBOSE=1 &quot;$file&quot;"/>
					<Clean command="/bin/gmake -j2 -f &quot;/media/psf/Home/Documents/TeamTalk-master/server/src/http_msg_server/Makefile&quot;  VERBOSE=1 clean"/>
					<DistClean command="/bin/gmake -j2 -f &quot;/media/psf/Home/Documents/TeamTalk-master/server/src/http_msg_server/Makefile&quot;  VERBOSE=1 clean"/>
				</MakeCommands>
			</Target>
			<Target title="edit_cache">
				<Option working_dir="/media/psf/Home/Documents/TeamTalk-master/server/src/http_msg_server"/>
				<Option type="4"/>
				<MakeCommands>
					<Build command="/bin/gmake -j2 -f &quot;/media/psf/Home/Documents/TeamTalk-master/server/src/http_msg_server/Makefile&quot;  VERBOSE=1 edit_cache"/>
					<CompileFile command="/bin/gmake -j2 -f &quot;/media/psf/Home/Documents/TeamTalk-master/server/src/http_msg_server/Makefile&quot;  VERBOSE=1 &quot;$file&quot;"/>
					<Clean command="/bin/gmake -j2 -f &quot;/media/psf/Home/Documents/TeamTalk-master/server/src/http_msg_server/Makefile&quot;  VERBOSE=1 clean"/>
					<DistClean command="/bin/gmake -j2 -f &quot;/media/psf/Home/Documents/TeamTalk-master/server/src/http_msg_server/Makefile&quot;  VERBOSE=1 clean"/>
				</MakeCommands>
			</Target>
			<Target title="http_msg_server">
				<Option output="/media/psf/Home/Documents/TeamTalk-master/server/src/http_msg_server/http_msg_server" prefix_auto="0" extension_auto="0"/>
				<Option working_dir="./"/>
				<Option object_output="./"/>
				<Option type="1"/>
				<Option compiler="gcc"/>
				<Compiler>
					<Add option="-D_REENTRANT"/>
					<Add option="-D_FILE_OFFSET_BITS=64"/>
					<Add option="-DAC_HAS_INFO"/>
					<Add option="-DAC_HAS_WARNING"/>
					<Add option="-DAC_HAS_ERROR"/>
					<Add option="-DAC_HAS_CRITICAL"/>
					<Add option="-DTIXML_USE_STL"/>
					<Add option="-DAC_HAS_DEBUG"/>
					<Add option="-DLINUX_DAEMON"/>
					<Add directory="/media/psf/Home/Documents/TeamTalk-master/server/src/http_msg_server/."/>
					<Add directory="/media/psf/Home/Documents/TeamTalk-master/server/src/http_msg_server/../base"/>
					<Add directory="/media/psf/Home/Documents/TeamTalk-master/server/src/http_msg_server/../base/jsoncpp"/>
					<Add directory="/media/psf/Home/Documents/TeamTalk-master/server/src/http_msg_server/../base/pb/protocol"/>
					<Add directory="/media/psf/Home/Documents/TeamTalk-master/server/src/http_msg_server/../base/pb"/>
					<Add directory="/media/psf/Home/Documents/TeamTalk-master/server/src/http_msg_server/../base/security"/>
					<Add directory="/usr/lib/gcc/x86_64-redhat-linux/4.8.5/../../../../include/c++/4.8.5"/>
					<Add directory="/usr/lib/gcc/x86_64-redhat-linux/4.8.5/../../../../include/c++/4.8.5/x86_64-redhat-linux"/>
					<Add directory="/usr/lib/gcc/x86_64-redhat-linux/4.8.5/../../../../include/c++/4.8.5/backward"/>
					<Add directory="/usr/lib/gcc/x86_64-redhat-linux/4.8.5/include"/>
					<Add directory="/usr/local/include"/>
					<Add directory="/usr/include"/>
				</Compiler>
				<MakeCommands>
					<Build command="/bin/gmake -j2 -f &quot;/media/psf/Home/Documents/TeamTalk-master/server/src/http_msg_server/Makefile&quot;  VERBOSE=1 http_msg_server"/>
					<CompileFile command="/bin/gmake -j2 -f &quot;/media/psf/Home/Documents/TeamTalk-master/server/src/http_msg_server/Makefile&quot;  VERBOSE=1 &quot;$file&quot;"/>
					<Clean command="/bin/gmake -j2 -f &quot;/media/psf/Home/Documents/TeamTalk-master/server/src/http_msg_server/Makefile&quot;  VERBOSE=1 clean"/>
					<DistClean command="/bin/gmake -j2 -f &quot;/media/psf/Home/Documents/TeamTalk-master/server/src/http_msg_server/Makefile&quot;  VERBOSE=1 clean"/>
				</MakeCommands>
			</Target>
			<Target title="http_msg_server/fast">
				<Option output="/media/psf/Home/Documents/TeamTalk-master/server/src/http_msg_server/http_msg_server" prefix_auto="0" extension_auto="0"/>
				<Option working_dir="./"/>
				<Option object_output="./"/>
				<Option type="1"/>
				<Option compiler="gcc"/>
				<Compiler>
					<Add option="-D_REENTRANT"/>
					<Add option="-D_FILE_OFFSET_BITS=64"/>
					<Add option="-DAC_HAS_INFO"/>
					<Add option="-DAC_HAS_WARNING"/>
					<Add option="-DAC_HAS_ERROR"/>
					<Add option="-DAC_HAS_CRITICAL"/>
					<Add option="-DTIXML_USE_STL"/>
					<Add option="-DAC_HAS_DEBUG"/>
					<Add option="-DLINUX_DAEMON"/>
					<Add directory="/media/psf/Home/Documents/TeamTalk-master/server/src/http_msg_server/."/>
					<Add directory="/media/psf/Home/Documents/TeamTalk-master/server/src/http_msg_server/../base"/>
					<Add directory="/media/psf/Home/Documents/TeamTalk-master/server/src/http_msg_server/../base/jsoncpp"/>
					<Add directory="/media/psf/Home/Documents/TeamTalk-master/server/src/http_msg_server/../base/pb/protocol"/>
					<Add directory="/media/psf/Home/Documents/TeamTalk-master/server/src/http_msg_server/../base/pb"/>
					<Add directory="/media/psf/Home/Documents/TeamTalk-master/server/src/http_msg_server/../base/security"/>
					<Add directory="/usr/lib/gcc/x86_64-redhat-linux/4.8.5/../../../../include/c++/4.8.5"/>
					<Add directory="/usr/lib/gcc/x86_64-redhat-linux/4.8.5/../../../../include/c++/4.8.5/x86_64-redhat-linux"/>
					<Add directory="/usr/lib/gcc/x86_64-redhat-linux/4.8.5/../../../../include/c++/4.8.5/backward"/>
					<Add directory="/usr/lib/gcc/x86_64-redhat-linux/4.8.5/include"/>
					<Add directory="/usr/local/include"/>
					<Add directory="/usr/include"/>
				</Compiler>
				<MakeCommands>
					<Build command="/bin/gmake -j2 -f &quot;/media/psf/Home/Documents/TeamTalk-master/server/src/http_msg_server/Makefile&quot;  VERBOSE=1 http_msg_server/fast"/>
					<CompileFile command="/bin/gmake -j2 -f &quot;/media/psf/Home/Documents/TeamTalk-master/server/src/http_msg_server/Makefile&quot;  VERBOSE=1 &quot;$file&quot;"/>
					<Clean command="/bin/gmake -j2 -f &quot;/media/psf/Home/Documents/TeamTalk-master/server/src/http_msg_server/Makefile&quot;  VERBOSE=1 clean"/>
					<DistClean command="/bin/gmake -j2 -f &quot;/media/psf/Home/Documents/TeamTalk-master/server/src/http_msg_server/Makefile&quot;  VERBOSE=1 clean"/>
				</MakeCommands>
			</Target>
		</Build>
		<Unit filename="/media/psf/Home/Documents/TeamTalk-master/server/src/http_msg_server/AttachData.cpp">
			<Option target="http_msg_server"/>
		</Unit>
		<Unit filename="/media/psf/Home/Documents/TeamTalk-master/server/src/http_msg_server/AttachData.h">
			<Option target="http_msg_server"/>
		</Unit>
		<Unit filename="/media/psf/Home/Documents/TeamTalk-master/server/src/http_msg_server/DBServConn.cpp">
			<Option target="http_msg_server"/>
		</Unit>
		<Unit filename="/media/psf/Home/Documents/TeamTalk-master/server/src/http_msg_server/DBServConn.h">
			<Option target="http_msg_server"/>
		</Unit>
		<Unit filename="/media/psf/Home/Documents/TeamTalk-master/server/src/http_msg_server/HttpConn.cpp">
			<Option target="http_msg_server"/>
		</Unit>
		<Unit filename="/media/psf/Home/Documents/TeamTalk-master/server/src/http_msg_server/HttpConn.h">
			<Option target="http_msg_server"/>
		</Unit>
		<Unit filename="/media/psf/Home/Documents/TeamTalk-master/server/src/http_msg_server/HttpPdu.cpp">
			<Option target="http_msg_server"/>
		</Unit>
		<Unit filename="/media/psf/Home/Documents/TeamTalk-master/server/src/http_msg_server/HttpPdu.h">
			<Option target="http_msg_server"/>
		</Unit>
		<Unit filename="/media/psf/Home/Documents/TeamTalk-master/server/src/http_msg_server/HttpQuery.cpp">
			<Option target="http_msg_server"/>
		</Unit>
		<Unit filename="/media/psf/Home/Documents/TeamTalk-master/server/src/http_msg_server/HttpQuery.h">
			<Option target="http_msg_server"/>
		</Unit>
		<Unit filename="/media/psf/Home/Documents/TeamTalk-master/server/src/http_msg_server/ImUser.cpp">
			<Option target="http_msg_server"/>
		</Unit>
		<Unit filename="/media/psf/Home/Documents/TeamTalk-master/server/src/http_msg_server/ImUser.h">
			<Option target="http_msg_server"/>
		</Unit>
		<Unit filename="/media/psf/Home/Documents/TeamTalk-master/server/src/http_msg_server/RouteServConn.cpp">
			<Option target="http_msg_server"/>
		</Unit>
		<Unit filename="/media/psf/Home/Documents/TeamTalk-master/server/src/http_msg_server/RouteServConn.h">
			<Option target="http_msg_server"/>
		</Unit>
		<Unit filename="/media/psf/Home/Documents/TeamTalk-master/server/src/http_msg_server/WebSocketServConn.cpp">
			<Option target="http_msg_server"/>
		</Unit>
		<Unit filename="/media/psf/Home/Documents/TeamTalk-master/server/src/http_msg_server/WebSocketServConn.h">
			<Option target="http_msg_server"/>
		</Unit>
		<Unit filename="/media/psf/Home/Documents/TeamTalk-master/server/src/http_msg_server/http_msg_server.cpp">
			<Option target="http_msg_server"/>
		</Unit>
		<Unit filename="/media/psf/Home/Documents/TeamTalk-master/server/src/http_msg_server/CMakeLists.txt">
			<Option virtualFolder="CMake Files\"/>
		</Unit>
	</Project>
</CodeBlocks_project_file>
